// !$*UTF8*$!
{
	archiveVersion = 1;
	classes = {
	};
	objectVersion = 46;
	objects = {

/* Begin PBXBuildFile section */
		07086CEB1C0F1C3F00D605E6 /* main.m in Sources */ = {isa = PBXBuildFile; fileRef = 07086CEA1C0F1C3F00D605E6 /* main.m */; };
		07086CF21C0F1C6100D605E6 /* helloworld.m in Sources */ = {isa = PBXBuildFile; fileRef = 07086CF11C0F1C6100D605E6 /* helloworld.m */; };
		0783D9881C11B86C00E1D80F /* Declaration.m in Sources */ = {isa = PBXBuildFile; fileRef = 0783D9871C11B86C00E1D80F /* Declaration.m */; };
		0783D98A1C1276BA00E1D80F /* Constants.m in Sources */ = {isa = PBXBuildFile; fileRef = 0783D9891C1276BA00E1D80F /* Constants.m */; };
		0783D98C1C1278BF00E1D80F /* Operators.m in Sources */ = {isa = PBXBuildFile; fileRef = 0783D98B1C1278BF00E1D80F /* Operators.m */; };
/* End PBXBuildFile section */

/* Begin PBXCopyFilesBuildPhase section */
		07086CE51C0F1C3F00D605E6 /* CopyFiles */ = {
			isa = PBXCopyFilesBuildPhase;
			buildActionMask = 2147483647;
			dstPath = /usr/share/man/man1/;
			dstSubfolderSpec = 0;
			files = (
			);
			runOnlyForDeploymentPostprocessing = 1;
		};
/* End PBXCopyFilesBuildPhase section */

/* Begin PBXFileReference section */
		07086CE71C0F1C3F00D605E6 /* Object-C tutorial */ = {isa = PBXFileReference; explicitFileType = "compiled.mach-o.executable"; includeInIndex = 0; path = "Object-C tutorial"; sourceTree = BUILT_PRODUCTS_DIR; };
		07086CEA1C0F1C3F00D605E6 /* main.m */ = {isa = PBXFileReference; lastKnownFileType = sourcecode.c.objc; path = main.m; sourceTree = "<group>"; };
		07086CF11C0F1C6100D605E6 /* helloworld.m */ = {isa = PBXFileReference; fileEncoding = 4; lastKnownFileType = sourcecode.c.objc; path = helloworld.m; sourceTree = "<group>"; };
		0783D9871C11B86C00E1D80F /* Declaration.m */ = {isa = PBXFileReference; fileEncoding = 4; lastKnownFileType = sourcecode.c.objc; path = Declaration.m; sourceTree = "<group>"; };
		0783D9891C1276BA00E1D80F /* Constants.m */ = {isa = PBXFileReference; fileEncoding = 4; lastKnownFileType = sourcecode.c.objc; path = Constants.m; sourceTree = "<group>"; };
		0783D98B1C1278BF00E1D80F /* Operators.m */ = {isa = PBXFileReference; fileEncoding = 4; lastKnownFileType = sourcecode.c.objc; path = Operators.m; sourceTree = "<group>"; };
/* End PBXFileReference section */

/* Begin PBXFrameworksBuildPhase section */
		07086CE41C0F1C3F00D605E6 /* Frameworks */ = {
			isa = PBXFrameworksBuildPhase;
			buildActionMask = 2147483647;
			files = (
			);
			runOnlyForDeploymentPostprocessing = 0;
		};
/* End PBXFrameworksBuildPhase section */

/* Begin PBXGroup section */
		07086CDE1C0F1C3F00D605E6 = {
			isa = PBXGroup;
			children = (
				07086CE91C0F1C3F00D605E6 /* Object-C tutorial */,
				07086CE81C0F1C3F00D605E6 /* Products */,
			);
			sourceTree = "<group>";
		};
		07086CE81C0F1C3F00D605E6 /* Products */ = {
			isa = PBXGroup;
			children = (
				07086CE71C0F1C3F00D605E6 /* Object-C tutorial */,
			);
			name = Products;
			sourceTree = "<group>";
		};
		07086CE91C0F1C3F00D605E6 /* Object-C tutorial */ = {
			isa = PBXGroup;
			children = (
				07086CEA1C0F1C3F00D605E6 /* main.m */,
				0783D9871C11B86C00E1D80F /* Declaration.m */,
				0783D98B1C1278BF00E1D80F /* Operators.m */,
				0783D9891C1276BA00E1D80F /* Constants.m */,
				07086CF11C0F1C6100D605E6 /* helloworld.m */,
			);
			path = "Object-C tutorial";
			sourceTree = "<group>";
		};
/* End PBXGroup section */

/* Begin PBXNativeTarget section */
		07086CE61C0F1C3F00D605E6 /* Object-C tutorial */ = {
			isa = PBXNativeTarget;
			buildConfigurationList = 07086CEE1C0F1C3F00D605E6 /* Build configuration list for PBXNativeTarget "Object-C tutorial" */;
			buildPhases = (
				07086CE31C0F1C3F00D605E6 /* Sources */,
				07086CE41C0F1C3F00D605E6 /* Frameworks */,
				07086CE51C0F1C3F00D605E6 /* CopyFiles */,
			);
			buildRules = (
			);
			dependencies = (
			);
			name = "Object-C tutorial";
			productName = "Object-C tutorial";
			productReference = 07086CE71C0F1C3F00D605E6 /* Object-C tutorial */;
			productType = "com.apple.product-type.tool";
		};
/* End PBXNativeTarget section */

/* Begin PBXProject section */
		07086CDF1C0F1C3F00D605E6 /* Project object */ = {
			isa = PBXProject;
			attributes = {
				LastUpgradeCheck = 0710;
				ORGANIZATIONNAME = Hengjie.chj;
				TargetAttributes = {
					07086CE61C0F1C3F00D605E6 = {
						CreatedOnToolsVersion = 7.1.1;
					};
				};
			};
			buildConfigurationList = 07086CE21C0F1C3F00D605E6 /* Build configuration list for PBXProject "Object-C tutorial" */;
			compatibilityVersion = "Xcode 3.2";
			developmentRegion = English;
			hasScannedForEncodings = 0;
			knownRegions = (
				en,
			);
			mainGroup = 07086CDE1C0F1C3F00D605E6;
			productRefGroup = 07086CE81C0F1C3F00D605E6 /* Products */;
			projectDirPath = "";
			projectRoot = "";
			targets = (
				07086CE61C0F1C3F00D605E6 /* Object-C tutorial */,
			);
		};
/* End PBXProject section */

/* Begin PBXSourcesBuildPhase section */
		07086CE31C0F1C3F00D605E6 /* Sources */ = {
			isa = PBXSourcesBuildPhase;
			buildActionMask = 2147483647;
			files = (
				0783D9881C11B86C00E1D80F /* Declaration.m in Sources */,
				07086CEB1C0F1C3F00D605E6 /* main.m in Sources */,
				0783D98C1C1278BF00E1D80F /* Operators.m in Sources */,
				07086CF21C0F1C6100D605E6 /* helloworld.m in Sources */,
				0783D98A1C1276BA00E1D80F /* Constants.m in Sources */,
			);
			runOnlyForDeploymentPostprocessing = 0;
		};
/* End PBXSourcesBuildPhase section */

/* Begin XCBuildConfiguration section */
		07086CEC1C0F1C3F00D605E6 /* Debug */ = {
			isa = XCBuildConfiguration;
			buildSettings = {
				ALWAYS_SEARCH_USER_PATHS = NO;
				CLANG_CXX_LANGUAGE_STANDARD = "gnu++0x";
				CLANG_CXX_LIBRARY = "libc++";
				CLANG_ENABLE_MODULES = YES;
				CLANG_ENABLE_OBJC_ARC = YES;
				CLANG_WARN_BOOL_CONVERSION = YES;
				CLANG_WARN_CONSTANT_CONVERSION = YES;
				CLANG_WARN_DIRECT_OBJC_ISA_USAGE = YES_ERROR;
				CLANG_WARN_EMPTY_BODY = YES;
				CLANG_WARN_ENUM_CONVERSION = YES;
				CLANG_WARN_INT_CONVERSION = YES;
				CLANG_WARN_OBJC_ROOT_CLASS = YES_ERROR;
				CLANG_WARN_UNREACHABLE_CODE = YES;
				CLANG_WARN__DUPLICATE_METHOD_MATCH = YES;
				CODE_SIGN_IDENTITY = "-";
				COPY_PHASE_STRIP = NO;
				DEBUG_INFORMATION_FORMAT = dwarf;
				ENABLE_STRICT_OBJC_MSGSEND = YES;
				ENABLE_TESTABILITY = YES;
				GCC_C_LANGUAGE_STANDARD = gnu99;
				GCC_DYNAMIC_NO_PIC = NO;
				GCC_NO_COMMON_BLOCKS = YES;
				GCC_OPTIMIZATION_LEVEL = 0;
				GCC_PREPROCESSOR_DEFINITIONS = (
					"DEBUG=1",
					"$(inherited)",
				);
				GCC_WARN_64_TO_32_BIT_CONVERSION = YES;
				GCC_WARN_ABOUT_RETURN_TYPE = YES_ERROR;
				GCC_WARN_UNDECLARED_SELECTOR = YES;
				GCC_WARN_UNINITIALIZED_AUTOS = YES_AGGRESSIVE;
				GCC_WARN_UNUSED_FUNCTION = YES;
				GCC_WARN_UNUSED_VARIABLE = YES;
				MACOSX_DEPLOYMENT_TARGET = 10.11;
				MTL_ENABLE_DEBUG_INFO = YES;
				ONLY_ACTIVE_ARCH = YES;
				SDKROOT = macosx;
			};
			name = Debug;
		};
		07086CED1C0F1C3F00D605E6 /* Release */ = {
			isa = XCBuildConfiguration;
			buildSettings = {
				ALWAYS_SEARCH_USER_PATHS = NO;
				CLANG_CXX_LANGUAGE_STANDARD = "gnu++0x";
				CLANG_CXX_LIBRARY = "libc++";
				CLANG_ENABLE_MODULES = YES;
				CLANG_ENABLE_OBJC_ARC = YES;
				CLANG_WARN_BOOL_CONVERSION = YES;
				CLANG_WARN_CONSTANT_CONVERSION = YES;
				CLANG_WARN_DIRECT_OBJC_ISA_USAGE = YES_ERROR;
				CLANG_WARN_EMPTY_BODY = YES;
				CLANG_WARN_ENUM_CONVERSION = YES;
				CLANG_WARN_INT_CONVERSION = YES;
				CLANG_WARN_OBJC_ROOT_CLASS = YES_ERROR;
				CLANG_WARN_UNREACHABLE_CODE = YES;
				CLANG_WARN__DUPLICATE_METHOD_MATCH = YES;
				CODE_SIGN_IDENTITY = "-";
				COPY_PHASE_STRIP = NO;
				DEBUG_INFORMATION_FORMAT = "dwarf-with-dsym";
				ENABLE_NS_ASSERTIONS = NO;
				ENABLE_STRICT_OBJC_MSGSEND = YES;
				GCC_C_LANGUAGE_STANDARD = gnu99;
				GCC_NO_COMMON_BLOCKS = YES;
				GCC_WARN_64_TO_32_BIT_CONVERSION = YES;
				GCC_WARN_ABOUT_RETURN_TYPE = YES_ERROR;
				GCC_WARN_UNDECLARED_SELECTOR = YES;
				GCC_WARN_UNINITIALIZED_AUTOS = YES_AGGRESSIVE;
				GCC_WARN_UNUSED_FUNCTION = YES;
				GCC_WARN_UNUSED_VARIABLE = YES;
				MACOSX_DEPLOYMENT_TARGET = 10.11;
				MTL_ENABLE_DEBUG_INFO = NO;
				SDKROOT = macosx;
			};
			name = Release;
		};
		07086CEF1C0F1C3F00D605E6 /* Debug */ = {
			isa = XCBuildConfiguration;
			buildSettings = {
				PRODUCT_NAME = "$(TARGET_NAME)";
			};
			name = Debug;
		};
		07086CF01C0F1C3F00D605E6 /* Release */ = {
			isa = XCBuildConfiguration;
			buildSettings = {
				PRODUCT_NAME = "$(TARGET_NAME)";
			};
			name = Release;
		};
/* End XCBuildConfiguration section */

/* Begin XCConfigurationList section */
		07086CE21C0F1C3F00D605E6 /* Build configuration list for PBXProject "Object-C tutorial" */ = {
			isa = XCConfigurationList;
			buildConfigurations = (
				07086CEC1C0F1C3F00D605E6 /* Debug */,
				07086CED1C0F1C3F00D605E6 /* Release */,
			);
			defaultConfigurationIsVisible = 0;
			defaultConfigurationName = Release;
		};
		07086CEE1C0F1C3F00D605E6 /* Build configuration list for PBXNativeTarget "Object-C tutorial" */ = {
			isa = XCConfigurationList;
			buildConfigurations = (
				07086CEF1C0F1C3F00D605E6 /* Debug */,
				07086CF01C0F1C3F00D605E6 /* Release */,
			);
			defaultConfigurationIsVisible = 0;
			defaultConfigurationName = Release;
		};
/* End XCConfigurationList section */
	};
	rootObject = 07086CDF1C0F1C3F00D605E6 /* Project object */;
}
